
Microsoft Visual Studio Solution File, Format Version 12.00
# Visual Studio Version 17
VisualStudioVersion = 17.1.32210.238
MinimumVisualStudioVersion = 10.0.40219.1
Project("{FAE04EC0-301F-11D3-BF4B-00C04F79EFBC}") = "DatabaseConnectionAPI", "DatabaseConnectionAPI.csproj", "{CCC02619-C4CC-4686-B0BC-2E90C8F7DA9E}"
EndProject
Project("{FAE04EC0-301F-11D3-BF4B-00C04F79EFBC}") = "Data", "..\Data\Data.csproj", "{33A30C11-92A5-4CB7-BA49-D578F8EE6C1B}"
EndProject
Project("{FAE04EC0-301F-11D3-BF4B-00C04F79EFBC}") = "Services", "..\Services\Services.csproj", "{292A5577-35DC-4EA7-8CAB-4402134BD8FF}"
EndProject
Global
	GlobalSection(SolutionConfigurationPlatforms) = preSolution
		Debug|Any CPU = Debug|Any CPU
		Release|Any CPU = Release|Any CPU
	EndGlobalSection
	GlobalSection(ProjectConfigurationPlatforms) = postSolution
		{CCC02619-C4CC-4686-B0BC-2E90C8F7DA9E}.Debug|Any CPU.ActiveCfg = Debug|Any CPU
		{CCC02619-C4CC-4686-B0BC-2E90C8F7DA9E}.Debug|Any CPU.Build.0 = Debug|Any CPU
		{CCC02619-C4CC-4686-B0BC-2E90C8F7DA9E}.Release|Any CPU.ActiveCfg = Release|Any CPU
		{CCC02619-C4CC-4686-B0BC-2E90C8F7DA9E}.Release|Any CPU.Build.0 = Release|Any CPU
		{33A30C11-92A5-4CB7-BA49-D578F8EE6C1B}.Debug|Any CPU.ActiveCfg = Debug|Any CPU
		{33A30C11-92A5-4CB7-BA49-D578F8EE6C1B}.Debug|Any CPU.Build.0 = Debug|Any CPU
		{33A30C11-92A5-4CB7-BA49-D578F8EE6C1B}.Release|Any CPU.ActiveCfg = Release|Any CPU
		{33A30C11-92A5-4CB7-BA49-D578F8EE6C1B}.Release|Any CPU.Build.0 = Release|Any CPU
		{292A5577-35DC-4EA7-8CAB-4402134BD8FF}.Debug|Any CPU.ActiveCfg = Debug|Any CPU
		{292A5577-35DC-4EA7-8CAB-4402134BD8FF}.Debug|Any CPU.Build.0 = Debug|Any CPU
		{292A5577-35DC-4EA7-8CAB-4402134BD8FF}.Release|Any CPU.ActiveCfg = Release|Any CPU
		{292A5577-35DC-4EA7-8CAB-4402134BD8FF}.Release|Any CPU.Build.0 = Release|Any CPU
	EndGlobalSection
	GlobalSection(SolutionProperties) = preSolution
		HideSolutionNode = FALSE
	EndGlobalSection
	GlobalSection(ExtensibilityGlobals) = postSolution
		SolutionGuid = {01232E04-0D16-4EA5-B6EE-8718837C38AD}
	EndGlobalSection
EndGlobal
